// !$*UTF8*$!
{
	archiveVersion = 1;
	classes = {
	};
	objectVersion = 56;
	objects = {

/* Begin PBXBuildFile section */
		F6D7954629EC566C0024176A /* sampleAppApp.swift in Sources */ = {isa = PBXBuildFile; fileRef = F6D7954529EC566C0024176A /* sampleAppApp.swift */; };
		F6D7954829EC566C0024176A /* ContentView.swift in Sources */ = {isa = PBXBuildFile; fileRef = F6D7954729EC566C0024176A /* ContentView.swift */; };
		F6D7954A29EC566D0024176A /* Assets.xcassets in Resources */ = {isa = PBXBuildFile; fileRef = F6D7954929EC566D0024176A /* Assets.xcassets */; };
		F6D7954E29EC566D0024176A /* Preview Assets.xcassets in Resources */ = {isa = PBXBuildFile; fileRef = F6D7954D29EC566D0024176A /* Preview Assets.xcassets */; };
		F6D7955829EC566D0024176A /* sampleAppTests.swift in Sources */ = {isa = PBXBuildFile; fileRef = F6D7955729EC566D0024176A /* sampleAppTests.swift */; };
		F6D7956229EC566D0024176A /* sampleAppUITests.swift in Sources */ = {isa = PBXBuildFile; fileRef = F6D7956129EC566D0024176A /* sampleAppUITests.swift */; };
		F6D7956429EC566D0024176A /* sampleAppUITestsLaunchTests.swift in Sources */ = {isa = PBXBuildFile; fileRef = F6D7956329EC566D0024176A /* sampleAppUITestsLaunchTests.swift */; };
/* End PBXBuildFile section */

/* Begin PBXContainerItemProxy section */
		F6D7955429EC566D0024176A /* PBXContainerItemProxy */ = {
			isa = PBXContainerItemProxy;
			containerPortal = F6D7953A29EC566C0024176A /* Project object */;
			proxyType = 1;
			remoteGlobalIDString = F6D7954129EC566C0024176A;
			remoteInfo = sampleApp;
		};
		F6D7955E29EC566D0024176A /* PBXContainerItemProxy */ = {
			isa = PBXContainerItemProxy;
			containerPortal = F6D7953A29EC566C0024176A /* Project object */;
			proxyType = 1;
			remoteGlobalIDString = F6D7954129EC566C0024176A;
			remoteInfo = sampleApp;
		};
/* End PBXContainerItemProxy section */

/* Begin PBXFileReference section */
		F6D7954229EC566C0024176A /* sampleApp.app */ = {isa = PBXFileReference; explicitFileType = wrapper.application; includeInIndex = 0; path = sampleApp.app; sourceTree = BUILT_PRODUCTS_DIR; };
		F6D7954529EC566C0024176A /* sampleAppApp.swift */ = {isa = PBXFileReference; lastKnownFileType = sourcecode.swift; path = sampleAppApp.swift; sourceTree = "<group>"; };
		F6D7954729EC566C0024176A /* ContentView.swift */ = {isa = PBXFileReference; lastKnownFileType = sourcecode.swift; path = ContentView.swift; sourceTree = "<group>"; };
		F6D7954929EC566D0024176A /* Assets.xcassets */ = {isa = PBXFileReference; lastKnownFileType = folder.assetcatalog; path = Assets.xcassets; sourceTree = "<group>"; };
		F6D7954B29EC566D0024176A /* sampleApp.entitlements */ = {isa = PBXFileReference; lastKnownFileType = text.plist.entitlements; path = sampleApp.entitlements; sourceTree = "<group>"; };
		F6D7954D29EC566D0024176A /* Preview Assets.xcassets */ = {isa = PBXFileReference; lastKnownFileType = folder.assetcatalog; path = "Preview Assets.xcassets"; sourceTree = "<group>"; };
		F6D7955329EC566D0024176A /* sampleAppTests.xctest */ = {isa = PBXFileReference; explicitFileType = wrapper.cfbundle; includeInIndex = 0; path = sampleAppTests.xctest; sourceTree = BUILT_PRODUCTS_DIR; };
		F6D7955729EC566D0024176A /* sampleAppTests.swift */ = {isa = PBXFileReference; lastKnownFileType = sourcecode.swift; path = sampleAppTests.swift; sourceTree = "<group>"; };
		F6D7955D29EC566D0024176A /* sampleAppUITests.xctest */ = {isa = PBXFileReference; explicitFileType = wrapper.cfbundle; includeInIndex = 0; path = sampleAppUITests.xctest; sourceTree = BUILT_PRODUCTS_DIR; };
		F6D7956129EC566D0024176A /* sampleAppUITests.swift */ = {isa = PBXFileReference; lastKnownFileType = sourcecode.swift; path = sampleAppUITests.swift; sourceTree = "<group>"; };
		F6D7956329EC566D0024176A /* sampleAppUITestsLaunchTests.swift */ = {isa = PBXFileReference; lastKnownFileType = sourcecode.swift; path = sampleAppUITestsLaunchTests.swift; sourceTree = "<group>"; };
/* End PBXFileReference section */

/* Begin PBXFrameworksBuildPhase section */
		F6D7953F29EC566C0024176A /* Frameworks */ = {
			isa = PBXFrameworksBuildPhase;
			buildActionMask = 2147483647;
			files = (
			);
			runOnlyForDeploymentPostprocessing = 0;
		};
		F6D7955029EC566D0024176A /* Frameworks */ = {
			isa = PBXFrameworksBuildPhase;
			buildActionMask = 2147483647;
			files = (
			);
			runOnlyForDeploymentPostprocessing = 0;
		};
		F6D7955A29EC566D0024176A /* Frameworks */ = {
			isa = PBXFrameworksBuildPhase;
			buildActionMask = 2147483647;
			files = (
			);
			runOnlyForDeploymentPostprocessing = 0;
		};
/* End PBXFrameworksBuildPhase section */

/* Begin PBXGroup section */
		F6D7953929EC566C0024176A = {
			isa = PBXGroup;
			children = (
				F6D7954429EC566C0024176A /* sampleApp */,
				F6D7955629EC566D0024176A /* sampleAppTests */,
				F6D7956029EC566D0024176A /* sampleAppUITests */,
				F6D7954329EC566C0024176A /* Products */,
			);
			sourceTree = "<group>";
		};
		F6D7954329EC566C0024176A /* Products */ = {
			isa = PBXGroup;
			children = (
				F6D7954229EC566C0024176A /* sampleApp.app */,
				F6D7955329EC566D0024176A /* sampleAppTests.xctest */,
				F6D7955D29EC566D0024176A /* sampleAppUITests.xctest */,
			);
			name = Products;
			sourceTree = "<group>";
		};
		F6D7954429EC566C0024176A /* sampleApp */ = {
			isa = PBXGroup;
			children = (
				F6D7954529EC566C0024176A /* sampleAppApp.swift */,
				F6D7954729EC566C0024176A /* ContentView.swift */,
				F6D7954929EC566D0024176A /* Assets.xcassets */,
				F6D7954B29EC566D0024176A /* sampleApp.entitlements */,
				F6D7954C29EC566D0024176A /* Preview Content */,
			);
			path = sampleApp;
			sourceTree = "<group>";
		};
		F6D7954C29EC566D0024176A /* Preview Content */ = {
			isa = PBXGroup;
			children = (
				F6D7954D29EC566D0024176A /* Preview Assets.xcassets */,
			);
			path = "Preview Content";
			sourceTree = "<group>";
		};
		F6D7955629EC566D0024176A /* sampleAppTests */ = {
			isa = PBXGroup;
			children = (
				F6D7955729EC566D0024176A /* sampleAppTests.swift */,
			);
			path = sampleAppTests;
			sourceTree = "<group>";
		};
		F6D7956029EC566D0024176A /* sampleAppUITests */ = {
			isa = PBXGroup;
			children = (
				F6D7956129EC566D0024176A /* sampleAppUITests.swift */,
				F6D7956329EC566D0024176A /* sampleAppUITestsLaunchTests.swift */,
			);
			path = sampleAppUITests;
			sourceTree = "<group>";
		};
/* End PBXGroup section */

/* Begin PBXNativeTarget section */
		F6D7954129EC566C0024176A /* sampleApp */ = {
			isa = PBXNativeTarget;
			buildConfigurationList = F6D7956729EC566D0024176A /* Build configuration list for PBXNativeTarget "sampleApp" */;
			buildPhases = (
				F6D7953E29EC566C0024176A /* Sources */,
				F6D7953F29EC566C0024176A /* Frameworks */,
				F6D7954029EC566C0024176A /* Resources */,
			);
			buildRules = (
			);
			dependencies = (
			);
			name = sampleApp;
			productName = sampleApp;
			productReference = F6D7954229EC566C0024176A /* sampleApp.app */;
			productType = "com.apple.product-type.application";
		};
		F6D7955229EC566D0024176A /* sampleAppTests */ = {
			isa = PBXNativeTarget;
			buildConfigurationList = F6D7956A29EC566D0024176A /* Build configuration list for PBXNativeTarget "sampleAppTests" */;
			buildPhases = (
				F6D7954F29EC566D0024176A /* Sources */,
				F6D7955029EC566D0024176A /* Frameworks */,
				F6D7955129EC566D0024176A /* Resources */,
			);
			buildRules = (
			);
			dependencies = (
				F6D7955529EC566D0024176A /* PBXTargetDependency */,
			);
			name = sampleAppTests;
			productName = sampleAppTests;
			productReference = F6D7955329EC566D0024176A /* sampleAppTests.xctest */;
			productType = "com.apple.product-type.bundle.unit-test";
		};
		F6D7955C29EC566D0024176A /* sampleAppUITests */ = {
			isa = PBXNativeTarget;
			buildConfigurationList = F6D7956D29EC566D0024176A /* Build configuration list for PBXNativeTarget "sampleAppUITests" */;
			buildPhases = (
				F6D7955929EC566D0024176A /* Sources */,
				F6D7955A29EC566D0024176A /* Frameworks */,
				F6D7955B29EC566D0024176A /* Resources */,
			);
			buildRules = (
			);
			dependencies = (
				F6D7955F29EC566D0024176A /* PBXTargetDependency */,
			);
			name = sampleAppUITests;
			productName = sampleAppUITests;
			productReference = F6D7955D29EC566D0024176A /* sampleAppUITests.xctest */;
			productType = "com.apple.product-type.bundle.ui-testing";
		};
/* End PBXNativeTarget section */

/* Begin PBXProject section */
		F6D7953A29EC566C0024176A /* Project object */ = {
			isa = PBXProject;
			attributes = {
				BuildIndependentTargetsInParallel = 1;
				LastSwiftUpdateCheck = 1430;
				LastUpgradeCheck = 1430;
				TargetAttributes = {
					F6D7954129EC566C0024176A = {
						CreatedOnToolsVersion = 14.3;
					};
					F6D7955229EC566D0024176A = {
						CreatedOnToolsVersion = 14.3;
						TestTargetID = F6D7954129EC566C0024176A;
					};
					F6D7955C29EC566D0024176A = {
						CreatedOnToolsVersion = 14.3;
						TestTargetID = F6D7954129EC566C0024176A;
					};
				};
			};
			buildConfigurationList = F6D7953D29EC566C0024176A /* Build configuration list for PBXProject "sampleApp" */;
			compatibilityVersion = "Xcode 14.0";
			developmentRegion = en;
			hasScannedForEncodings = 0;
			knownRegions = (
				en,
				Base,
			);
			mainGroup = F6D7953929EC566C0024176A;
			productRefGroup = F6D7954329EC566C0024176A /* Products */;
			projectDirPath = "";
			projectRoot = "";
			targets = (
				F6D7954129EC566C0024176A /* sampleApp */,
				F6D7955229EC566D0024176A /* sampleAppTests */,
				F6D7955C29EC566D0024176A /* sampleAppUITests */,
			);
		};
/* End PBXProject section */

/* Begin PBXResourcesBuildPhase section */
		F6D7954029EC566C0024176A /* Resources */ = {
			isa = PBXResourcesBuildPhase;
			buildActionMask = 2147483647;
			files = (
				F6D7954E29EC566D0024176A /* Preview Assets.xcassets in Resources */,
				F6D7954A29EC566D0024176A /* Assets.xcassets in Resources */,
			);
			runOnlyForDeploymentPostprocessing = 0;
		};
		F6D7955129EC566D0024176A /* Resources */ = {
			isa = PBXResourcesBuildPhase;
			buildActionMask = 2147483647;
			files = (
			);
			runOnlyForDeploymentPostprocessing = 0;
		};
		F6D7955B29EC566D0024176A /* Resources */ = {
			isa = PBXResourcesBuildPhase;
			buildActionMask = 2147483647;
			files = (
			);
			runOnlyForDeploymentPostprocessing = 0;
		};
/* End PBXResourcesBuildPhase section */

/* Begin PBXSourcesBuildPhase section */
		F6D7953E29EC566C0024176A /* Sources */ = {
			isa = PBXSourcesBuildPhase;
			buildActionMask = 2147483647;
			files = (
				F6D7954829EC566C0024176A /* ContentView.swift in Sources */,
				F6D7954629EC566C0024176A /* sampleAppApp.swift in Sources */,
			);
			runOnlyForDeploymentPostprocessing = 0;
		};
		F6D7954F29EC566D0024176A /* Sources */ = {
			isa = PBXSourcesBuildPhase;
			buildActionMask = 2147483647;
			files = (
				F6D7955829EC566D0024176A /* sampleAppTests.swift in Sources */,
			);
			runOnlyForDeploymentPostprocessing = 0;
		};
		F6D7955929EC566D0024176A /* Sources */ = {
			isa = PBXSourcesBuildPhase;
			buildActionMask = 2147483647;
			files = (
				F6D7956429EC566D0024176A /* sampleAppUITestsLaunchTests.swift in Sources */,
				F6D7956229EC566D0024176A /* sampleAppUITests.swift in Sources */,
			);
			runOnlyForDeploymentPostprocessing = 0;
		};
/* End PBXSourcesBuildPhase section */

/* Begin PBXTargetDependency section */
		F6D7955529EC566D0024176A /* PBXTargetDependency */ = {
			isa = PBXTargetDependency;
			target = F6D7954129EC566C0024176A /* sampleApp */;
			targetProxy = F6D7955429EC566D0024176A /* PBXContainerItemProxy */;
		};
		F6D7955F29EC566D0024176A /* PBXTargetDependency */ = {
			isa = PBXTargetDependency;
			target = F6D7954129EC566C0024176A /* sampleApp */;
			targetProxy = F6D7955E29EC566D0024176A /* PBXContainerItemProxy */;
		};
/* End PBXTargetDependency section */

/* Begin XCBuildConfiguration section */
		F6D7956529EC566D0024176A /* Debug */ = {
			isa = XCBuildConfiguration;
			buildSettings = {
				ALWAYS_SEARCH_USER_PATHS = NO;
				CLANG_ANALYZER_NONNULL = YES;
				CLANG_ANALYZER_NUMBER_OBJECT_CONVERSION = YES_AGGRESSIVE;
				CLANG_CXX_LANGUAGE_STANDARD = "gnu++20";
				CLANG_ENABLE_MODULES = YES;
				CLANG_ENABLE_OBJC_ARC = YES;
				CLANG_ENABLE_OBJC_WEAK = YES;
				CLANG_WARN_BLOCK_CAPTURE_AUTORELEASING = YES;
				CLANG_WARN_BOOL_CONVERSION = YES;
				CLANG_WARN_COMMA = YES;
				CLANG_WARN_CONSTANT_CONVERSION = YES;
				CLANG_WARN_DEPRECATED_OBJC_IMPLEMENTATIONS = YES;
				CLANG_WARN_DIRECT_OBJC_ISA_USAGE = YES_ERROR;
				CLANG_WARN_DOCUMENTATION_COMMENTS = YES;
				CLANG_WARN_EMPTY_BODY = YES;
				CLANG_WARN_ENUM_CONVERSION = YES;
				CLANG_WARN_INFINITE_RECURSION = YES;
				CLANG_WARN_INT_CONVERSION = YES;
				CLANG_WARN_NON_LITERAL_NULL_CONVERSION = YES;
				CLANG_WARN_OBJC_IMPLICIT_RETAIN_SELF = YES;
				CLANG_WARN_OBJC_LITERAL_CONVERSION = YES;
				CLANG_WARN_OBJC_ROOT_CLASS = YES_ERROR;
				CLANG_WARN_QUOTED_INCLUDE_IN_FRAMEWORK_HEADER = YES;
				CLANG_WARN_RANGE_LOOP_ANALYSIS = YES;
				CLANG_WARN_STRICT_PROTOTYPES = YES;
				CLANG_WARN_SUSPICIOUS_MOVE = YES;
				CLANG_WARN_UNGUARDED_AVAILABILITY = YES_AGGRESSIVE;
				CLANG_WARN_UNREACHABLE_CODE = YES;
				CLANG_WARN__DUPLICATE_METHOD_MATCH = YES;
				COPY_PHASE_STRIP = NO;
				DEBUG_INFORMATION_FORMAT = dwarf;
				ENABLE_STRICT_OBJC_MSGSEND = YES;
				ENABLE_TESTABILITY = YES;
				GCC_C_LANGUAGE_STANDARD = gnu11;
				GCC_DYNAMIC_NO_PIC = NO;
				GCC_NO_COMMON_BLOCKS = YES;
				GCC_OPTIMIZATION_LEVEL = 0;
				GCC_PREPROCESSOR_DEFINITIONS = (
					"DEBUG=1",
					"$(inherited)",
				);
				GCC_WARN_64_TO_32_BIT_CONVERSION = YES;
				GCC_WARN_ABOUT_RETURN_TYPE = YES_ERROR;
				GCC_WARN_UNDECLARED_SELECTOR = YES;
				GCC_WARN_UNINITIALIZED_AUTOS = YES_AGGRESSIVE;
				GCC_WARN_UNUSED_FUNCTION = YES;
				GCC_WARN_UNUSED_VARIABLE = YES;
				MTL_ENABLE_DEBUG_INFO = INCLUDE_SOURCE;
				MTL_FAST_MATH = YES;
				ONLY_ACTIVE_ARCH = YES;
				SWIFT_ACTIVE_COMPILATION_CONDITIONS = DEBUG;
				SWIFT_OPTIMIZATION_LEVEL = "-Onone";
			};
			name = Debug;
		};
		F6D7956629EC566D0024176A /* Release */ = {
			isa = XCBuildConfiguration;
			buildSettings = {
				ALWAYS_SEARCH_USER_PATHS = NO;
				CLANG_ANALYZER_NONNULL = YES;
				CLANG_ANALYZER_NUMBER_OBJECT_CONVERSION = YES_AGGRESSIVE;
				CLANG_CXX_LANGUAGE_STANDARD = "gnu++20";
				CLANG_ENABLE_MODULES = YES;
				CLANG_ENABLE_OBJC_ARC = YES;
				CLANG_ENABLE_OBJC_WEAK = YES;
				CLANG_WARN_BLOCK_CAPTURE_AUTORELEASING = YES;
				CLANG_WARN_BOOL_CONVERSION = YES;
				CLANG_WARN_COMMA = YES;
				CLANG_WARN_CONSTANT_CONVERSION = YES;
				CLANG_WARN_DEPRECATED_OBJC_IMPLEMENTATIONS = YES;
				CLANG_WARN_DIRECT_OBJC_ISA_USAGE = YES_ERROR;
				CLANG_WARN_DOCUMENTATION_COMMENTS = YES;
				CLANG_WARN_EMPTY_BODY = YES;
				CLANG_WARN_ENUM_CONVERSION = YES;
				CLANG_WARN_INFINITE_RECURSION = YES;
				CLANG_WARN_INT_CONVERSION = YES;
				CLANG_WARN_NON_LITERAL_NULL_CONVERSION = YES;
				CLANG_WARN_OBJC_IMPLICIT_RETAIN_SELF = YES;
				CLANG_WARN_OBJC_LITERAL_CONVERSION = YES;
				CLANG_WARN_OBJC_ROOT_CLASS = YES_ERROR;
				CLANG_WARN_QUOTED_INCLUDE_IN_FRAMEWORK_HEADER = YES;
				CLANG_WARN_RANGE_LOOP_ANALYSIS = YES;
				CLANG_WARN_STRICT_PROTOTYPES = YES;
				CLANG_WARN_SUSPICIOUS_MOVE = YES;
				CLANG_WARN_UNGUARDED_AVAILABILITY = YES_AGGRESSIVE;
				CLANG_WARN_UNREACHABLE_CODE = YES;
				CLANG_WARN__DUPLICATE_METHOD_MATCH = YES;
				COPY_PHASE_STRIP = NO;
				DEBUG_INFORMATION_FORMAT = "dwarf-with-dsym";
				ENABLE_NS_ASSERTIONS = NO;
				ENABLE_STRICT_OBJC_MSGSEND = YES;
				GCC_C_LANGUAGE_STANDARD = gnu11;
				GCC_NO_COMMON_BLOCKS = YES;
				GCC_WARN_64_TO_32_BIT_CONVERSION = YES;
				GCC_WARN_ABOUT_RETURN_TYPE = YES_ERROR;
				GCC_WARN_UNDECLARED_SELECTOR = YES;
				GCC_WARN_UNINITIALIZED_AUTOS = YES_AGGRESSIVE;
				GCC_WARN_UNUSED_FUNCTION = YES;
				GCC_WARN_UNUSED_VARIABLE = YES;
				MTL_ENABLE_DEBUG_INFO = NO;
				MTL_FAST_MATH = YES;
				SWIFT_COMPILATION_MODE = wholemodule;
				SWIFT_OPTIMIZATION_LEVEL = "-O";
			};
			name = Release;
		};
		F6D7956829EC566D0024176A /* Debug */ = {
			isa = XCBuildConfiguration;
			buildSettings = {
				ASSETCATALOG_COMPILER_APPICON_NAME = AppIcon;
				ASSETCATALOG_COMPILER_GLOBAL_ACCENT_COLOR_NAME = AccentColor;
				CODE_SIGN_ENTITLEMENTS = sampleApp/sampleApp.entitlements;
				CODE_SIGN_STYLE = Automatic;
				CURRENT_PROJECT_VERSION = 1;
				DEVELOPMENT_ASSET_PATHS = "\"sampleApp/Preview Content\"";
				DEVELOPMENT_TEAM = LH57RPFBM3;
				ENABLE_HARDENED_RUNTIME = YES;
				ENABLE_PREVIEWS = YES;
				GENERATE_INFOPLIST_FILE = YES;
				"INFOPLIST_KEY_UIApplicationSceneManifest_Generation[sdk=iphoneos*]" = YES;
				"INFOPLIST_KEY_UIApplicationSceneManifest_Generation[sdk=iphonesimulator*]" = YES;
				"INFOPLIST_KEY_UIApplicationSupportsIndirectInputEvents[sdk=iphoneos*]" = YES;
				"INFOPLIST_KEY_UIApplicationSupportsIndirectInputEvents[sdk=iphonesimulator*]" = YES;
				"INFOPLIST_KEY_UILaunchScreen_Generation[sdk=iphoneos*]" = YES;
				"INFOPLIST_KEY_UILaunchScreen_Generation[sdk=iphonesimulator*]" = YES;
				"INFOPLIST_KEY_UIStatusBarStyle[sdk=iphoneos*]" = UIStatusBarStyleDefault;
				"INFOPLIST_KEY_UIStatusBarStyle[sdk=iphonesimulator*]" = UIStatusBarStyleDefault;
				INFOPLIST_KEY_UISupportedInterfaceOrientations_iPad = "UIInterfaceOrientationPortrait UIInterfaceOrientationPortraitUpsideDown UIInterfaceOrientationLandscapeLeft UIInterfaceOrientationLandscapeRight";
				INFOPLIST_KEY_UISupportedInterfaceOrientations_iPhone = "UIInterfaceOrientationPortrait UIInterfaceOrientationLandscapeLeft UIInterfaceOrientationLandscapeRight";
				IPHONEOS_DEPLOYMENT_TARGET = 16.4;
				LD_RUNPATH_SEARCH_PATHS = "@executable_path/Frameworks";
				"LD_RUNPATH_SEARCH_PATHS[sdk=macosx*]" = "@executable_path/../Frameworks";
				MACOSX_DEPLOYMENT_TARGET = 13.3;
				MARKETING_VERSION = 1.0;
				PRODUCT_BUNDLE_IDENTIFIER = mhazizk.sampleApp;
				PRODUCT_NAME = "$(TARGET_NAME)";
				SDKROOT = auto;
				SUPPORTED_PLATFORMS = "iphoneos iphonesimulator macosx";
				SWIFT_EMIT_LOC_STRINGS = YES;
				SWIFT_VERSION = 5.0;
				TARGETED_DEVICE_FAMILY = "1,2";
			};
			name = Debug;
		};
		F6D7956929EC566D0024176A /* Release */ = {
			isa = XCBuildConfiguration;
			buildSettings = {
				ASSETCATALOG_COMPILER_APPICON_NAME = AppIcon;
				ASSETCATALOG_COMPILER_GLOBAL_ACCENT_COLOR_NAME = AccentColor;
				CODE_SIGN_ENTITLEMENTS = sampleApp/sampleApp.entitlements;
				CODE_SIGN_STYLE = Automatic;
				CURRENT_PROJECT_VERSION = 1;
				DEVELOPMENT_ASSET_PATHS = "\"sampleApp/Preview Content\"";
				DEVELOPMENT_TEAM = LH57RPFBM3;
				ENABLE_HARDENED_RUNTIME = YES;
				ENABLE_PREVIEWS = YES;
				GENERATE_INFOPLIST_FILE = YES;
				"INFOPLIST_KEY_UIApplicationSceneManifest_Generation[sdk=iphoneos*]" = YES;
				"INFOPLIST_KEY_UIApplicationSceneManifest_Generation[sdk=iphonesimulator*]" = YES;
				"INFOPLIST_KEY_UIApplicationSupportsIndirectInputEvents[sdk=iphoneos*]" = YES;
				"INFOPLIST_KEY_UIApplicationSupportsIndirectInputEvents[sdk=iphonesimulator*]" = YES;
				"INFOPLIST_KEY_UILaunchScreen_Generation[sdk=iphoneos*]" = YES;
				"INFOPLIST_KEY_UILaunchScreen_Generation[sdk=iphonesimulator*]" = YES;
				"INFOPLIST_KEY_UIStatusBarStyle[sdk=iphoneos*]" = UIStatusBarStyleDefault;
				"INFOPLIST_KEY_UIStatusBarStyle[sdk=iphonesimulator*]" = UIStatusBarStyleDefault;
				INFOPLIST_KEY_UISupportedInterfaceOrientations_iPad = "UIInterfaceOrientationPortrait UIInterfaceOrientationPortraitUpsideDown UIInterfaceOrientationLandscapeLeft UIInterfaceOrientationLandscapeRight";
				INFOPLIST_KEY_UISupportedInterfaceOrientations_iPhone = "UIInterfaceOrientationPortrait UIInterfaceOrientationLandscapeLeft UIInterfaceOrientationLandscapeRight";
				IPHONEOS_DEPLOYMENT_TARGET = 16.4;
				LD_RUNPATH_SEARCH_PATHS = "@executable_path/Frameworks";
				"LD_RUNPATH_SEARCH_PATHS[sdk=macosx*]" = "@executable_path/../Frameworks";
				MACOSX_DEPLOYMENT_TARGET = 13.3;
				MARKETING_VERSION = 1.0;
				PRODUCT_BUNDLE_IDENTIFIER = mhazizk.sampleApp;
				PRODUCT_NAME = "$(TARGET_NAME)";
				SDKROOT = auto;
				SUPPORTED_PLATFORMS = "iphoneos iphonesimulator macosx";
				SWIFT_EMIT_LOC_STRINGS = YES;
				SWIFT_VERSION = 5.0;
				TARGETED_DEVICE_FAMILY = "1,2";
			};
			name = Release;
		};
		F6D7956B29EC566D0024176A /* Debug */ = {
			isa = XCBuildConfiguration;
			buildSettings = {
				ALWAYS_EMBED_SWIFT_STANDARD_LIBRARIES = YES;
				BUNDLE_LOADER = "$(TEST_HOST)";
				CODE_SIGN_STYLE = Automatic;
				CURRENT_PROJECT_VERSION = 1;
				DEVELOPMENT_TEAM = LH57RPFBM3;
				GENERATE_INFOPLIST_FILE = YES;
				IPHONEOS_DEPLOYMENT_TARGET = 16.4;
				MACOSX_DEPLOYMENT_TARGET = 13.3;
				MARKETING_VERSION = 1.0;
				PRODUCT_BUNDLE_IDENTIFIER = mhazizk.sampleAppTests;
				PRODUCT_NAME = "$(TARGET_NAME)";
				SDKROOT = auto;
				SUPPORTED_PLATFORMS = "iphoneos iphonesimulator macosx";
				SWIFT_EMIT_LOC_STRINGS = NO;
				SWIFT_VERSION = 5.0;
				TARGETED_DEVICE_FAMILY = "1,2";
				TEST_HOST = "$(BUILT_PRODUCTS_DIR)/sampleApp.app/$(BUNDLE_EXECUTABLE_FOLDER_PATH)/sampleApp";
			};
			name = Debug;
		};
		F6D7956C29EC566D0024176A /* Release */ = {
			isa = XCBuildConfiguration;
			buildSettings = {
				ALWAYS_EMBED_SWIFT_STANDARD_LIBRARIES = YES;
				BUNDLE_LOADER = "$(TEST_HOST)";
				CODE_SIGN_STYLE = Automatic;
				CURRENT_PROJECT_VERSION = 1;
				DEVELOPMENT_TEAM = LH57RPFBM3;
				GENERATE_INFOPLIST_FILE = YES;
				IPHONEOS_DEPLOYMENT_TARGET = 16.4;
				MACOSX_DEPLOYMENT_TARGET = 13.3;
				MARKETING_VERSION = 1.0;
				PRODUCT_BUNDLE_IDENTIFIER = mhazizk.sampleAppTests;
				PRODUCT_NAME = "$(TARGET_NAME)";
				SDKROOT = auto;
				SUPPORTED_PLATFORMS = "iphoneos iphonesimulator macosx";
				SWIFT_EMIT_LOC_STRINGS = NO;
				SWIFT_VERSION = 5.0;
				TARGETED_DEVICE_FAMILY = "1,2";
				TEST_HOST = "$(BUILT_PRODUCTS_DIR)/sampleApp.app/$(BUNDLE_EXECUTABLE_FOLDER_PATH)/sampleApp";
			};
			name = Release;
		};
		F6D7956E29EC566D0024176A /* Debug */ = {
			isa = XCBuildConfiguration;
			buildSettings = {
				ALWAYS_EMBED_SWIFT_STANDARD_LIBRARIES = YES;
				CODE_SIGN_STYLE = Automatic;
				CURRENT_PROJECT_VERSION = 1;
				DEVELOPMENT_TEAM = LH57RPFBM3;
				GENERATE_INFOPLIST_FILE = YES;
				IPHONEOS_DEPLOYMENT_TARGET = 16.4;
				MACOSX_DEPLOYMENT_TARGET = 13.3;
				MARKETING_VERSION = 1.0;
				PRODUCT_BUNDLE_IDENTIFIER = mhazizk.sampleAppUITests;
				PRODUCT_NAME = "$(TARGET_NAME)";
				SDKROOT = auto;
				SUPPORTED_PLATFORMS = "iphoneos iphonesimulator macosx";
				SWIFT_EMIT_LOC_STRINGS = NO;
				SWIFT_VERSION = 5.0;
				TARGETED_DEVICE_FAMILY = "1,2";
				TEST_TARGET_NAME = sampleApp;
			};
			name = Debug;
		};
		F6D7956F29EC566D0024176A /* Release */ = {
			isa = XCBuildConfiguration;
			buildSettings = {
				ALWAYS_EMBED_SWIFT_STANDARD_LIBRARIES = YES;
				CODE_SIGN_STYLE = Automatic;
				CURRENT_PROJECT_VERSION = 1;
				DEVELOPMENT_TEAM = LH57RPFBM3;
				GENERATE_INFOPLIST_FILE = YES;
				IPHONEOS_DEPLOYMENT_TARGET = 16.4;
				MACOSX_DEPLOYMENT_TARGET = 13.3;
				MARKETING_VERSION = 1.0;
				PRODUCT_BUNDLE_IDENTIFIER = mhazizk.sampleAppUITests;
				PRODUCT_NAME = "$(TARGET_NAME)";
				SDKROOT = auto;
				SUPPORTED_PLATFORMS = "iphoneos iphonesimulator macosx";
				SWIFT_EMIT_LOC_STRINGS = NO;
				SWIFT_VERSION = 5.0;
				TARGETED_DEVICE_FAMILY = "1,2";
				TEST_TARGET_NAME = sampleApp;
			};
			name = Release;
		};
/* End XCBuildConfiguration section */

/* Begin XCConfigurationList section */
		F6D7953D29EC566C0024176A /* Build configuration list for PBXProject "sampleApp" */ = {
			isa = XCConfigurationList;
			buildConfigurations = (
				F6D7956529EC566D0024176A /* Debug */,
				F6D7956629EC566D0024176A /* Release */,
			);
			defaultConfigurationIsVisible = 0;
			defaultConfigurationName = Release;
		};
		F6D7956729EC566D0024176A /* Build configuration list for PBXNativeTarget "sampleApp" */ = {
			isa = XCConfigurationList;
			buildConfigurations = (
				F6D7956829EC566D0024176A /* Debug */,
				F6D7956929EC566D0024176A /* Release */,
			);
			defaultConfigurationIsVisible = 0;
			defaultConfigurationName = Release;
		};
		F6D7956A29EC566D0024176A /* Build configuration list for PBXNativeTarget "sampleAppTests" */ = {
			isa = XCConfigurationList;
			buildConfigurations = (
				F6D7956B29EC566D0024176A /* Debug */,
				F6D7956C29EC566D0024176A /* Release */,
			);
			defaultConfigurationIsVisible = 0;
			defaultConfigurationName = Release;
		};
		F6D7956D29EC566D0024176A /* Build configuration list for PBXNativeTarget "sampleAppUITests" */ = {
			isa = XCConfigurationList;
			buildConfigurations = (
				F6D7956E29EC566D0024176A /* Debug */,
				F6D7956F29EC566D0024176A /* Release */,
			);
			defaultConfigurationIsVisible = 0;
			defaultConfigurationName = Release;
		};
/* End XCConfigurationList section */
	};
	rootObject = F6D7953A29EC566C0024176A /* Project object */;
}
